// !$*UTF8*$!
{
	archiveVersion = 1;
	classes = {
	};
	objectVersion = 55;
	objects = {

/* Begin PBXBuildFile section */
		24101262270F323E00FE7DEC /* CityBridgesMetaDataService.swift in Sources */ = {isa = PBXBuildFile; fileRef = 24101261270F323E00FE7DEC /* CityBridgesMetaDataService.swift */; };
		247214EF270289C5004FBACD /* ContentView.swift in Sources */ = {isa = PBXBuildFile; fileRef = 247214EE270289C5004FBACD /* ContentView.swift */; };
		247214F227028AF4004FBACD /* CityBridges.swift in Sources */ = {isa = PBXBuildFile; fileRef = 247214F127028AF4004FBACD /* CityBridges.swift */; };
		247214FA27052454004FBACD /* TwoBridge.json in Resources */ = {isa = PBXBuildFile; fileRef = 247214F927052317004FBACD /* TwoBridge.json */; };
		247214FC27054B7B004FBACD /* BridgesOpenData.json in Resources */ = {isa = PBXBuildFile; fileRef = 247214FB27054B5A004FBACD /* BridgesOpenData.json */; };
		248FC583270276EA00BE168F /* PittsburghCityBridgesApp.swift in Sources */ = {isa = PBXBuildFile; fileRef = 248FC582270276EA00BE168F /* PittsburghCityBridgesApp.swift */; };
		248FC585270276EA00BE168F /* CloudKitContentView.swift in Sources */ = {isa = PBXBuildFile; fileRef = 248FC584270276EA00BE168F /* CloudKitContentView.swift */; };
		248FC587270276EE00BE168F /* Assets.xcassets in Resources */ = {isa = PBXBuildFile; fileRef = 248FC586270276EE00BE168F /* Assets.xcassets */; };
		248FC58A270276EE00BE168F /* Preview Assets.xcassets in Resources */ = {isa = PBXBuildFile; fileRef = 248FC589270276EE00BE168F /* Preview Assets.xcassets */; };
		248FC58C270276EE00BE168F /* Persistence.swift in Sources */ = {isa = PBXBuildFile; fileRef = 248FC58B270276EE00BE168F /* Persistence.swift */; };
		248FC59A270278F100BE168F /* CloudKit.framework in Frameworks */ = {isa = PBXBuildFile; fileRef = 248FC599270278F100BE168F /* CloudKit.framework */; };
		24CC1B4E270A8ABE009BE390 /* Bridges.swift in Sources */ = {isa = PBXBuildFile; fileRef = 24CC1B4D270A8ABE009BE390 /* Bridges.swift */; };
/* End PBXBuildFile section */

/* Begin PBXFileReference section */
		24101261270F323E00FE7DEC /* CityBridgesMetaDataService.swift */ = {isa = PBXFileReference; lastKnownFileType = sourcecode.swift; path = CityBridgesMetaDataService.swift; sourceTree = "<group>"; };
		247214ED27027E0E004FBACD /* Info.plist */ = {isa = PBXFileReference; lastKnownFileType = text.plist; path = Info.plist; sourceTree = "<group>"; };
		247214EE270289C5004FBACD /* ContentView.swift */ = {isa = PBXFileReference; lastKnownFileType = sourcecode.swift; path = ContentView.swift; sourceTree = "<group>"; };
		247214F127028AF4004FBACD /* CityBridges.swift */ = {isa = PBXFileReference; lastKnownFileType = sourcecode.swift; path = CityBridges.swift; sourceTree = "<group>"; };
		247214F927052317004FBACD /* TwoBridge.json */ = {isa = PBXFileReference; lastKnownFileType = text.json; path = TwoBridge.json; sourceTree = "<group>"; };
		247214FB27054B5A004FBACD /* BridgesOpenData.json */ = {isa = PBXFileReference; lastKnownFileType = text.json; path = BridgesOpenData.json; sourceTree = "<group>"; };
		248FC57F270276EA00BE168F /* PittsburghCityBridges.app */ = {isa = PBXFileReference; explicitFileType = wrapper.application; includeInIndex = 0; path = PittsburghCityBridges.app; sourceTree = BUILT_PRODUCTS_DIR; };
		248FC582270276EA00BE168F /* PittsburghCityBridgesApp.swift */ = {isa = PBXFileReference; lastKnownFileType = sourcecode.swift; path = PittsburghCityBridgesApp.swift; sourceTree = "<group>"; };
		248FC584270276EA00BE168F /* CloudKitContentView.swift */ = {isa = PBXFileReference; lastKnownFileType = sourcecode.swift; path = CloudKitContentView.swift; sourceTree = "<group>"; };
		248FC586270276EE00BE168F /* Assets.xcassets */ = {isa = PBXFileReference; lastKnownFileType = folder.assetcatalog; path = Assets.xcassets; sourceTree = "<group>"; };
		248FC589270276EE00BE168F /* Preview Assets.xcassets */ = {isa = PBXFileReference; lastKnownFileType = folder.assetcatalog; path = "Preview Assets.xcassets"; sourceTree = "<group>"; };
		248FC58B270276EE00BE168F /* Persistence.swift */ = {isa = PBXFileReference; lastKnownFileType = sourcecode.swift; path = Persistence.swift; sourceTree = "<group>"; };
		248FC597270278E000BE168F /* PittsburghCityBridges.entitlements */ = {isa = PBXFileReference; lastKnownFileType = text.plist.entitlements; path = PittsburghCityBridges.entitlements; sourceTree = "<group>"; };
		248FC599270278F100BE168F /* CloudKit.framework */ = {isa = PBXFileReference; lastKnownFileType = wrapper.framework; name = CloudKit.framework; path = System/Library/Frameworks/CloudKit.framework; sourceTree = SDKROOT; };
		24CC1B4D270A8ABE009BE390 /* Bridges.swift */ = {isa = PBXFileReference; lastKnownFileType = sourcecode.swift; path = Bridges.swift; sourceTree = "<group>"; };
/* End PBXFileReference section */

/* Begin PBXFrameworksBuildPhase section */
		248FC57C270276EA00BE168F /* Frameworks */ = {
			isa = PBXFrameworksBuildPhase;
			buildActionMask = 2147483647;
			files = (
				248FC59A270278F100BE168F /* CloudKit.framework in Frameworks */,
			);
			runOnlyForDeploymentPostprocessing = 0;
		};
/* End PBXFrameworksBuildPhase section */

/* Begin PBXGroup section */
		2410126327106A6700FE7DEC /* Services */ = {
			isa = PBXGroup;
			children = (
				24101261270F323E00FE7DEC /* CityBridgesMetaDataService.swift */,
			);
			path = Services;
			sourceTree = "<group>";
		};
		247214F027028A00004FBACD /* Models */ = {
			isa = PBXGroup;
			children = (
				247214F127028AF4004FBACD /* CityBridges.swift */,
				24CC1B4D270A8ABE009BE390 /* Bridges.swift */,
			);
			path = Models;
			sourceTree = "<group>";
		};
		247214F32703CCC9004FBACD /* Resources */ = {
			isa = PBXGroup;
			children = (
				247214F927052317004FBACD /* TwoBridge.json */,
				247214FB27054B5A004FBACD /* BridgesOpenData.json */,
			);
			path = Resources;
			sourceTree = "<group>";
		};
		247214F627051F98004FBACD /* Views */ = {
			isa = PBXGroup;
			children = (
				248FC584270276EA00BE168F /* CloudKitContentView.swift */,
				247214EE270289C5004FBACD /* ContentView.swift */,
			);
			path = Views;
			sourceTree = "<group>";
		};
		248FC576270276EA00BE168F = {
			isa = PBXGroup;
			children = (
				248FC581270276EA00BE168F /* PittsburghCityBridges */,
				248FC580270276EA00BE168F /* Products */,
				248FC598270278F100BE168F /* Frameworks */,
			);
			sourceTree = "<group>";
		};
		248FC580270276EA00BE168F /* Products */ = {
			isa = PBXGroup;
			children = (
				248FC57F270276EA00BE168F /* PittsburghCityBridges.app */,
			);
			name = Products;
			sourceTree = "<group>";
		};
		248FC581270276EA00BE168F /* PittsburghCityBridges */ = {
			isa = PBXGroup;
			children = (
				2410126327106A6700FE7DEC /* Services */,
				24CC1B53270CF0C8009BE390 /* CoreData */,
				247214F627051F98004FBACD /* Views */,
				247214F027028A00004FBACD /* Models */,
				247214ED27027E0E004FBACD /* Info.plist */,
				248FC597270278E000BE168F /* PittsburghCityBridges.entitlements */,
				248FC582270276EA00BE168F /* PittsburghCityBridgesApp.swift */,
				248FC586270276EE00BE168F /* Assets.xcassets */,
				248FC58B270276EE00BE168F /* Persistence.swift */,
				248FC588270276EE00BE168F /* Preview Content */,
				247214F32703CCC9004FBACD /* Resources */,
			);
			path = PittsburghCityBridges;
			sourceTree = "<group>";
		};
		248FC588270276EE00BE168F /* Preview Content */ = {
			isa = PBXGroup;
			children = (
				248FC589270276EE00BE168F /* Preview Assets.xcassets */,
			);
			path = "Preview Content";
			sourceTree = "<group>";
		};
		248FC598270278F100BE168F /* Frameworks */ = {
			isa = PBXGroup;
			children = (
				248FC599270278F100BE168F /* CloudKit.framework */,
			);
			name = Frameworks;
			sourceTree = "<group>";
		};
		24CC1B53270CF0C8009BE390 /* CoreData */ = {
			isa = PBXGroup;
			children = (
			);
			path = CoreData;
			sourceTree = "<group>";
		};
/* End PBXGroup section */

/* Begin PBXNativeTarget section */
		248FC57E270276EA00BE168F /* PittsburghCityBridges */ = {
			isa = PBXNativeTarget;
			buildConfigurationList = 248FC592270276EE00BE168F /* Build configuration list for PBXNativeTarget "PittsburghCityBridges" */;
			buildPhases = (
				248FC57B270276EA00BE168F /* Sources */,
				248FC57C270276EA00BE168F /* Frameworks */,
				248FC57D270276EA00BE168F /* Resources */,
			);
			buildRules = (
			);
			dependencies = (
			);
			name = PittsburghCityBridges;
			productName = PittsburghCityBridges;
			productReference = 248FC57F270276EA00BE168F /* PittsburghCityBridges.app */;
			productType = "com.apple.product-type.application";
		};
/* End PBXNativeTarget section */

/* Begin PBXProject section */
		248FC577270276EA00BE168F /* Project object */ = {
			isa = PBXProject;
			attributes = {
				BuildIndependentTargetsInParallel = 1;
				LastSwiftUpdateCheck = 1300;
				LastUpgradeCheck = 1300;
				TargetAttributes = {
					248FC57E270276EA00BE168F = {
						CreatedOnToolsVersion = 13.0;
					};
				};
			};
			buildConfigurationList = 248FC57A270276EA00BE168F /* Build configuration list for PBXProject "PittsburghCityBridges" */;
			compatibilityVersion = "Xcode 13.0";
			developmentRegion = en;
			hasScannedForEncodings = 0;
			knownRegions = (
				en,
				Base,
			);
			mainGroup = 248FC576270276EA00BE168F;
			productRefGroup = 248FC580270276EA00BE168F /* Products */;
			projectDirPath = "";
			projectRoot = "";
			targets = (
				248FC57E270276EA00BE168F /* PittsburghCityBridges */,
			);
		};
/* End PBXProject section */

/* Begin PBXResourcesBuildPhase section */
		248FC57D270276EA00BE168F /* Resources */ = {
			isa = PBXResourcesBuildPhase;
			buildActionMask = 2147483647;
			files = (
				247214FC27054B7B004FBACD /* BridgesOpenData.json in Resources */,
				247214FA27052454004FBACD /* TwoBridge.json in Resources */,
				248FC58A270276EE00BE168F /* Preview Assets.xcassets in Resources */,
				248FC587270276EE00BE168F /* Assets.xcassets in Resources */,
			);
			runOnlyForDeploymentPostprocessing = 0;
		};
/* End PBXResourcesBuildPhase section */

/* Begin PBXSourcesBuildPhase section */
		248FC57B270276EA00BE168F /* Sources */ = {
			isa = PBXSourcesBuildPhase;
			buildActionMask = 2147483647;
			files = (
				248FC58C270276EE00BE168F /* Persistence.swift in Sources */,
				247214F227028AF4004FBACD /* CityBridges.swift in Sources */,
				247214EF270289C5004FBACD /* ContentView.swift in Sources */,
				248FC585270276EA00BE168F /* CloudKitContentView.swift in Sources */,
				248FC583270276EA00BE168F /* PittsburghCityBridgesApp.swift in Sources */,
				24101262270F323E00FE7DEC /* CityBridgesMetaDataService.swift in Sources */,
				24CC1B4E270A8ABE009BE390 /* Bridges.swift in Sources */,
			);
			runOnlyForDeploymentPostprocessing = 0;
		};
/* End PBXSourcesBuildPhase section */

/* Begin XCBuildConfiguration section */
		248FC590270276EE00BE168F /* Debug */ = {
			isa = XCBuildConfiguration;
			buildSettings = {
				ALWAYS_SEARCH_USER_PATHS = NO;
				CLANG_ANALYZER_NONNULL = YES;
				CLANG_ANALYZER_NUMBER_OBJECT_CONVERSION = YES_AGGRESSIVE;
				CLANG_CXX_LANGUAGE_STANDARD = "gnu++17";
				CLANG_CXX_LIBRARY = "libc++";
				CLANG_ENABLE_MODULES = YES;
				CLANG_ENABLE_OBJC_ARC = YES;
				CLANG_ENABLE_OBJC_WEAK = YES;
				CLANG_WARN_BLOCK_CAPTURE_AUTORELEASING = YES;
				CLANG_WARN_BOOL_CONVERSION = YES;
				CLANG_WARN_COMMA = YES;
				CLANG_WARN_CONSTANT_CONVERSION = YES;
				CLANG_WARN_DEPRECATED_OBJC_IMPLEMENTATIONS = YES;
				CLANG_WARN_DIRECT_OBJC_ISA_USAGE = YES_ERROR;
				CLANG_WARN_DOCUMENTATION_COMMENTS = YES;
				CLANG_WARN_EMPTY_BODY = YES;
				CLANG_WARN_ENUM_CONVERSION = YES;
				CLANG_WARN_INFINITE_RECURSION = YES;
				CLANG_WARN_INT_CONVERSION = YES;
				CLANG_WARN_NON_LITERAL_NULL_CONVERSION = YES;
				CLANG_WARN_OBJC_IMPLICIT_RETAIN_SELF = YES;
				CLANG_WARN_OBJC_LITERAL_CONVERSION = YES;
				CLANG_WARN_OBJC_ROOT_CLASS = YES_ERROR;
				CLANG_WARN_QUOTED_INCLUDE_IN_FRAMEWORK_HEADER = YES;
				CLANG_WARN_RANGE_LOOP_ANALYSIS = YES;
				CLANG_WARN_STRICT_PROTOTYPES = YES;
				CLANG_WARN_SUSPICIOUS_MOVE = YES;
				CLANG_WARN_UNGUARDED_AVAILABILITY = YES_AGGRESSIVE;
				CLANG_WARN_UNREACHABLE_CODE = YES;
				CLANG_WARN__DUPLICATE_METHOD_MATCH = YES;
				COPY_PHASE_STRIP = NO;
				DEBUG_INFORMATION_FORMAT = dwarf;
				ENABLE_STRICT_OBJC_MSGSEND = YES;
				ENABLE_TESTABILITY = YES;
				GCC_C_LANGUAGE_STANDARD = gnu11;
				GCC_DYNAMIC_NO_PIC = NO;
				GCC_NO_COMMON_BLOCKS = YES;
				GCC_OPTIMIZATION_LEVEL = 0;
				GCC_PREPROCESSOR_DEFINITIONS = (
					"DEBUG=1",
					"$(inherited)",
				);
				GCC_WARN_64_TO_32_BIT_CONVERSION = YES;
				GCC_WARN_ABOUT_RETURN_TYPE = YES_ERROR;
				GCC_WARN_UNDECLARED_SELECTOR = YES;
				GCC_WARN_UNINITIALIZED_AUTOS = YES_AGGRESSIVE;
				GCC_WARN_UNUSED_FUNCTION = YES;
				GCC_WARN_UNUSED_VARIABLE = YES;
				IPHONEOS_DEPLOYMENT_TARGET = 15.0;
				MTL_ENABLE_DEBUG_INFO = INCLUDE_SOURCE;
				MTL_FAST_MATH = YES;
				ONLY_ACTIVE_ARCH = YES;
				SDKROOT = iphoneos;
				SWIFT_ACTIVE_COMPILATION_CONDITIONS = DEBUG;
				SWIFT_OPTIMIZATION_LEVEL = "-Onone";
			};
			name = Debug;
		};
		248FC591270276EE00BE168F /* Release */ = {
			isa = XCBuildConfiguration;
			buildSettings = {
				ALWAYS_SEARCH_USER_PATHS = NO;
				CLANG_ANALYZER_NONNULL = YES;
				CLANG_ANALYZER_NUMBER_OBJECT_CONVERSION = YES_AGGRESSIVE;
				CLANG_CXX_LANGUAGE_STANDARD = "gnu++17";
				CLANG_CXX_LIBRARY = "libc++";
				CLANG_ENABLE_MODULES = YES;
				CLANG_ENABLE_OBJC_ARC = YES;
				CLANG_ENABLE_OBJC_WEAK = YES;
				CLANG_WARN_BLOCK_CAPTURE_AUTORELEASING = YES;
				CLANG_WARN_BOOL_CONVERSION = YES;
				CLANG_WARN_COMMA = YES;
				CLANG_WARN_CONSTANT_CONVERSION = YES;
				CLANG_WARN_DEPRECATED_OBJC_IMPLEMENTATIONS = YES;
				CLANG_WARN_DIRECT_OBJC_ISA_USAGE = YES_ERROR;
				CLANG_WARN_DOCUMENTATION_COMMENTS = YES;
				CLANG_WARN_EMPTY_BODY = YES;
				CLANG_WARN_ENUM_CONVERSION = YES;
				CLANG_WARN_INFINITE_RECURSION = YES;
				CLANG_WARN_INT_CONVERSION = YES;
				CLANG_WARN_NON_LITERAL_NULL_CONVERSION = YES;
				CLANG_WARN_OBJC_IMPLICIT_RETAIN_SELF = YES;
				CLANG_WARN_OBJC_LITERAL_CONVERSION = YES;
				CLANG_WARN_OBJC_ROOT_CLASS = YES_ERROR;
				CLANG_WARN_QUOTED_INCLUDE_IN_FRAMEWORK_HEADER = YES;
				CLANG_WARN_RANGE_LOOP_ANALYSIS = YES;
				CLANG_WARN_STRICT_PROTOTYPES = YES;
				CLANG_WARN_SUSPICIOUS_MOVE = YES;
				CLANG_WARN_UNGUARDED_AVAILABILITY = YES_AGGRESSIVE;
				CLANG_WARN_UNREACHABLE_CODE = YES;
				CLANG_WARN__DUPLICATE_METHOD_MATCH = YES;
				COPY_PHASE_STRIP = NO;
				DEBUG_INFORMATION_FORMAT = "dwarf-with-dsym";
				ENABLE_NS_ASSERTIONS = NO;
				ENABLE_STRICT_OBJC_MSGSEND = YES;
				GCC_C_LANGUAGE_STANDARD = gnu11;
				GCC_NO_COMMON_BLOCKS = YES;
				GCC_WARN_64_TO_32_BIT_CONVERSION = YES;
				GCC_WARN_ABOUT_RETURN_TYPE = YES_ERROR;
				GCC_WARN_UNDECLARED_SELECTOR = YES;
				GCC_WARN_UNINITIALIZED_AUTOS = YES_AGGRESSIVE;
				GCC_WARN_UNUSED_FUNCTION = YES;
				GCC_WARN_UNUSED_VARIABLE = YES;
				IPHONEOS_DEPLOYMENT_TARGET = 15.0;
				MTL_ENABLE_DEBUG_INFO = NO;
				MTL_FAST_MATH = YES;
				SDKROOT = iphoneos;
				SWIFT_COMPILATION_MODE = wholemodule;
				SWIFT_OPTIMIZATION_LEVEL = "-O";
				VALIDATE_PRODUCT = YES;
			};
			name = Release;
		};
		248FC593270276EE00BE168F /* Debug */ = {
			isa = XCBuildConfiguration;
			buildSettings = {
				ASSETCATALOG_COMPILER_APPICON_NAME = AppIcon;
				ASSETCATALOG_COMPILER_GLOBAL_ACCENT_COLOR_NAME = AccentColor;
				CODE_SIGN_ENTITLEMENTS = PittsburghCityBridges/PittsburghCityBridges.entitlements;
				CODE_SIGN_STYLE = Automatic;
				CURRENT_PROJECT_VERSION = 1;
				DEVELOPMENT_ASSET_PATHS = "\"PittsburghCityBridges/Preview Content\"";
				DEVELOPMENT_TEAM = 35RA2D9F5A;
				ENABLE_PREVIEWS = YES;
				GENERATE_INFOPLIST_FILE = YES;
				INFOPLIST_FILE = PittsburghCityBridges/Info.plist;
				INFOPLIST_KEY_UIApplicationSceneManifest_Generation = YES;
				INFOPLIST_KEY_UIApplicationSupportsIndirectInputEvents = YES;
				INFOPLIST_KEY_UILaunchScreen_Generation = YES;
				INFOPLIST_KEY_UISupportedInterfaceOrientations_iPad = "UIInterfaceOrientationPortrait UIInterfaceOrientationPortraitUpsideDown UIInterfaceOrientationLandscapeLeft UIInterfaceOrientationLandscapeRight";
				INFOPLIST_KEY_UISupportedInterfaceOrientations_iPhone = "UIInterfaceOrientationPortrait UIInterfaceOrientationLandscapeLeft UIInterfaceOrientationLandscapeRight";
				IPHONEOS_DEPLOYMENT_TARGET = 15.0;
				LD_RUNPATH_SEARCH_PATHS = (
					"$(inherited)",
					"@executable_path/Frameworks",
				);
				MARKETING_VERSION = 1.0;
				PRODUCT_BUNDLE_IDENTIFIER = com.makinney.PittsburghCityBridges;
				PRODUCT_NAME = "$(TARGET_NAME)";
				SWIFT_EMIT_LOC_STRINGS = YES;
				SWIFT_VERSION = 5.0;
				TARGETED_DEVICE_FAMILY = "1,2";
			};
			name = Debug;
		};
		248FC594270276EE00BE168F /* Release */ = {
			isa = XCBuildConfiguration;
			buildSettings = {
				ASSETCATALOG_COMPILER_APPICON_NAME = AppIcon;
				ASSETCATALOG_COMPILER_GLOBAL_ACCENT_COLOR_NAME = AccentColor;
				CODE_SIGN_ENTITLEMENTS = PittsburghCityBridges/PittsburghCityBridges.entitlements;
				CODE_SIGN_STYLE = Automatic;
				CURRENT_PROJECT_VERSION = 1;
				DEVELOPMENT_ASSET_PATHS = "\"PittsburghCityBridges/Preview Content\"";
				DEVELOPMENT_TEAM = 35RA2D9F5A;
				ENABLE_PREVIEWS = YES;
				GENERATE_INFOPLIST_FILE = YES;
				INFOPLIST_FILE = PittsburghCityBridges/Info.plist;
				INFOPLIST_KEY_UIApplicationSceneManifest_Generation = YES;
				INFOPLIST_KEY_UIApplicationSupportsIndirectInputEvents = YES;
				INFOPLIST_KEY_UILaunchScreen_Generation = YES;
				INFOPLIST_KEY_UISupportedInterfaceOrientations_iPad = "UIInterfaceOrientationPortrait UIInterfaceOrientationPortraitUpsideDown UIInterfaceOrientationLandscapeLeft UIInterfaceOrientationLandscapeRight";
				INFOPLIST_KEY_UISupportedInterfaceOrientations_iPhone = "UIInterfaceOrientationPortrait UIInterfaceOrientationLandscapeLeft UIInterfaceOrientationLandscapeRight";
				IPHONEOS_DEPLOYMENT_TARGET = 15.0;
				LD_RUNPATH_SEARCH_PATHS = (
					"$(inherited)",
					"@executable_path/Frameworks",
				);
				MARKETING_VERSION = 1.0;
				PRODUCT_BUNDLE_IDENTIFIER = com.makinney.PittsburghCityBridges;
				PRODUCT_NAME = "$(TARGET_NAME)";
				SWIFT_EMIT_LOC_STRINGS = YES;
				SWIFT_VERSION = 5.0;
				TARGETED_DEVICE_FAMILY = "1,2";
			};
			name = Release;
		};
/* End XCBuildConfiguration section */

/* Begin XCConfigurationList section */
		248FC57A270276EA00BE168F /* Build configuration list for PBXProject "PittsburghCityBridges" */ = {
			isa = XCConfigurationList;
			buildConfigurations = (
				248FC590270276EE00BE168F /* Debug */,
				248FC591270276EE00BE168F /* Release */,
			);
			defaultConfigurationIsVisible = 0;
			defaultConfigurationName = Release;
		};
		248FC592270276EE00BE168F /* Build configuration list for PBXNativeTarget "PittsburghCityBridges" */ = {
			isa = XCConfigurationList;
			buildConfigurations = (
				248FC593270276EE00BE168F /* Debug */,
				248FC594270276EE00BE168F /* Release */,
			);
			defaultConfigurationIsVisible = 0;
			defaultConfigurationName = Release;
		};
/* End XCConfigurationList section */
	};
	rootObject = 248FC577270276EA00BE168F /* Project object */;
}
