// !$*UTF8*$!
{
	archiveVersion = 1;
	classes = {
	};
	objectVersion = 55;
	objects = {

/* Begin PBXBuildFile section */
		240075CD271493CB00CB864F /* AppLogging.swift in Sources */ = {isa = PBXBuildFile; fileRef = 240075CC271493CB00CB864F /* AppLogging.swift */; };
		240075CF27150F5800CB864F /* BridgeDetailsView.swift in Sources */ = {isa = PBXBuildFile; fileRef = 240075CE27150F5800CB864F /* BridgeDetailsView.swift */; };
		240075D12716607B00CB864F /* BridgeListRow.swift in Sources */ = {isa = PBXBuildFile; fileRef = 240075D02716607B00CB864F /* BridgeListRow.swift */; };
		2405C99D2767E1CF00C68307 /* BridgeImageLoadingProgressView.swift in Sources */ = {isa = PBXBuildFile; fileRef = 2405C99C2767E1CF00C68307 /* BridgeImageLoadingProgressView.swift */; };
		240FBEE2278634CD0029DCC5 /* Favorites.swift in Sources */ = {isa = PBXBuildFile; fileRef = 240FBEE1278634CD0029DCC5 /* Favorites.swift */; };
		24101262270F323E00FE7DEC /* OpenDataService.swift in Sources */ = {isa = PBXBuildFile; fileRef = 24101261270F323E00FE7DEC /* OpenDataService.swift */; };
		241012662713757900FE7DEC /* PittsburghCityBridges.xcdatamodeld in Sources */ = {isa = PBXBuildFile; fileRef = 241012642713757900FE7DEC /* PittsburghCityBridges.xcdatamodeld */; };
		241012892713785C00FE7DEC /* BridgeMapView.swift in Sources */ = {isa = PBXBuildFile; fileRef = 241012882713785C00FE7DEC /* BridgeMapView.swift */; };
		2410128D2713855400FE7DEC /* ContentView.swift in Sources */ = {isa = PBXBuildFile; fileRef = 2410128C2713855400FE7DEC /* ContentView.swift */; };
		2412B89B2783A61900BD557E /* TextCopy.swift in Sources */ = {isa = PBXBuildFile; fileRef = 2412B89A2783A61900BD557E /* TextCopy.swift */; };
		2412B89D2783D19F00BD557E /* MoreScreenView.swift in Sources */ = {isa = PBXBuildFile; fileRef = 2412B89C2783D19F00BD557E /* MoreScreenView.swift */; };
		2417C3C427935A2A005DF78C /* AppIconCreditsScreen.swift in Sources */ = {isa = PBXBuildFile; fileRef = 2417C3C327935A2A005DF78C /* AppIconCreditsScreen.swift */; };
		2417C3C62794C344005DF78C /* OnBoardingContentView.swift in Sources */ = {isa = PBXBuildFile; fileRef = 2417C3C52794C343005DF78C /* OnBoardingContentView.swift */; };
		2417C3C82794C5E1005DF78C /* SettingsScreenView.swift in Sources */ = {isa = PBXBuildFile; fileRef = 2417C3C72794C5E1005DF78C /* SettingsScreenView.swift */; };
		2417C3CB279B456F005DF78C /* DirectionsDisclaimerAgreement.swift in Sources */ = {isa = PBXBuildFile; fileRef = 2417C3CA279B456F005DF78C /* DirectionsDisclaimerAgreement.swift */; };
		2419B8B9271F382600BFE3D8 /* BridgeMapUIView.swift in Sources */ = {isa = PBXBuildFile; fileRef = 2419B8B8271F382600BFE3D8 /* BridgeMapUIView.swift */; };
		2419B8BB271F3CD900BFE3D8 /* MapViewModel.swift in Sources */ = {isa = PBXBuildFile; fileRef = 2419B8BA271F3CD900BFE3D8 /* MapViewModel.swift */; };
		2419B8BD2721843800BFE3D8 /* BridgeMapDetailAccessoryView.swift in Sources */ = {isa = PBXBuildFile; fileRef = 2419B8BC2721843700BFE3D8 /* BridgeMapDetailAccessoryView.swift */; };
		2419B8C42721D64E00BFE3D8 /* LocationService.swift in Sources */ = {isa = PBXBuildFile; fileRef = 2419B8C32721D64E00BFE3D8 /* LocationService.swift */; };
		24496FA2278CDF170074720C /* DirectionsDisclaimerView.swift in Sources */ = {isa = PBXBuildFile; fileRef = 24496FA1278CDF170074720C /* DirectionsDisclaimerView.swift */; };
		24496FA5278DDFCE0074720C /* StorageKeys.swift in Sources */ = {isa = PBXBuildFile; fileRef = 24496FA4278DDFCE0074720C /* StorageKeys.swift */; };
		244A747427187D1200284608 /* BridgeModel.swift in Sources */ = {isa = PBXBuildFile; fileRef = 244A747327187D1200284608 /* BridgeModel.swift */; };
		244A747A2719A1A600284608 /* GEOJSONModels.swift in Sources */ = {isa = PBXBuildFile; fileRef = 244A74792719A1A600284608 /* GEOJSONModels.swift */; };
		244E9C91273ABF2A00605134 /* BridgeListViewModel.swift in Sources */ = {isa = PBXBuildFile; fileRef = 244E9C90273ABF2A00605134 /* BridgeListViewModel.swift */; };
		244EA80827AF12E800E5FC81 /* OnBoardingCloseScreen.swift in Sources */ = {isa = PBXBuildFile; fileRef = 244EA80727AF12E800E5FC81 /* OnBoardingCloseScreen.swift */; };
		244EA80A27AF14CD00E5FC81 /* OnboardingCollapsedBridgeScreen.swift in Sources */ = {isa = PBXBuildFile; fileRef = 244EA80927AF14CD00E5FC81 /* OnboardingCollapsedBridgeScreen.swift */; };
		2458020A278776510091365B /* FavoritesButton.swift in Sources */ = {isa = PBXBuildFile; fileRef = 24580209278776510091365B /* FavoritesButton.swift */; };
		2458020C27879A530091365B /* SinglePhotoView.swift in Sources */ = {isa = PBXBuildFile; fileRef = 2458020B27879A530091365B /* SinglePhotoView.swift */; };
		2458020E27879E1D0091365B /* BridgesListsView.swift in Sources */ = {isa = PBXBuildFile; fileRef = 2458020D27879E1D0091365B /* BridgesListsView.swift */; };
		245802102788C2420091365B /* BridgesPhotosListView.swift in Sources */ = {isa = PBXBuildFile; fileRef = 2458020F2788C2420091365B /* BridgesPhotosListView.swift */; };
		245BDCC1272C917D000FE644 /* Sequence+Extensions.swift in Sources */ = {isa = PBXBuildFile; fileRef = 245BDCC0272C917D000FE644 /* Sequence+Extensions.swift */; };
		2468A098278E379D00D724F5 /* UIImage+Extensions.swift in Sources */ = {isa = PBXBuildFile; fileRef = 2468A097278E379D00D724F5 /* UIImage+Extensions.swift */; };
		2468A09A278F3D4100D724F5 /* OpenDataFileSystem.swift in Sources */ = {isa = PBXBuildFile; fileRef = 2468A099278F3D4100D724F5 /* OpenDataFileSystem.swift */; };
		246C089727CFDC44009A9675 /* OnBoardingMapScreen.swift in Sources */ = {isa = PBXBuildFile; fileRef = 246C089627CFDC44009A9675 /* OnBoardingMapScreen.swift */; };
		246F309127B076CC00B75025 /* Controls.swift in Sources */ = {isa = PBXBuildFile; fileRef = 246F309027B076CC00B75025 /* Controls.swift */; };
		246F309327B1B90800B75025 /* OnBoardingIntroScreen.swift in Sources */ = {isa = PBXBuildFile; fileRef = 246F309227B1B90800B75025 /* OnBoardingIntroScreen.swift */; };
		246F309527B2D72800B75025 /* OnBoardingBrowseScreen.swift in Sources */ = {isa = PBXBuildFile; fileRef = 246F309427B2D72800B75025 /* OnBoardingBrowseScreen.swift */; };
		247214FA27052454004FBACD /* TwoBridge.json in Resources */ = {isa = PBXBuildFile; fileRef = 247214F927052317004FBACD /* TwoBridge.json */; };
		247214FC27054B7B004FBACD /* BridgesOpenData.json in Resources */ = {isa = PBXBuildFile; fileRef = 247214FB27054B5A004FBACD /* BridgesOpenData.json */; };
		24808FD3274D443D00FF131C /* ViewExtensions.swift in Sources */ = {isa = PBXBuildFile; fileRef = 24808FD2274D443D00FF131C /* ViewExtensions.swift */; };
		24808FDC275A6D9B00FF131C /* BridgeImageSystem.swift in Sources */ = {isa = PBXBuildFile; fileRef = 24808FDB275A6D9900FF131C /* BridgeImageSystem.swift */; };
		24808FDF275AF61F00FF131C /* Files in Frameworks */ = {isa = PBXBuildFile; productRef = 24808FDE275AF61F00FF131C /* Files */; };
		24808FE1275BDA9200FF131C /* FileManagerExtensions.swift in Sources */ = {isa = PBXBuildFile; fileRef = 24808FE0275BDA9100FF131C /* FileManagerExtensions.swift */; };
		248F7B5E27D2B26A0046A510 /* OnBoardingSortAndSearchScreen.swift in Sources */ = {isa = PBXBuildFile; fileRef = 248F7B5D27D2B2690046A510 /* OnBoardingSortAndSearchScreen.swift */; };
		248FC583270276EA00BE168F /* PittsburghCityBridgesApp.swift in Sources */ = {isa = PBXBuildFile; fileRef = 248FC582270276EA00BE168F /* PittsburghCityBridgesApp.swift */; };
		248FC585270276EA00BE168F /* CloudKitContentView.swift in Sources */ = {isa = PBXBuildFile; fileRef = 248FC584270276EA00BE168F /* CloudKitContentView.swift */; };
		248FC587270276EE00BE168F /* Assets.xcassets in Resources */ = {isa = PBXBuildFile; fileRef = 248FC586270276EE00BE168F /* Assets.xcassets */; };
		248FC58A270276EE00BE168F /* Preview Assets.xcassets in Resources */ = {isa = PBXBuildFile; fileRef = 248FC589270276EE00BE168F /* Preview Assets.xcassets */; };
		248FC58C270276EE00BE168F /* Persistence.swift in Sources */ = {isa = PBXBuildFile; fileRef = 248FC58B270276EE00BE168F /* Persistence.swift */; };
		248FC59A270278F100BE168F /* CloudKit.framework in Frameworks */ = {isa = PBXBuildFile; fileRef = 248FC599270278F100BE168F /* CloudKit.framework */; };
		2497B22627A3592A00C60E44 /* OnBoardingBridgePhotosScreen.swift in Sources */ = {isa = PBXBuildFile; fileRef = 2497B22527A3592A00C60E44 /* OnBoardingBridgePhotosScreen.swift */; };
		249C7D5B277E52D700D72DA4 /* HeaderToolBar.swift in Sources */ = {isa = PBXBuildFile; fileRef = 249C7D5A277E52D700D72DA4 /* HeaderToolBar.swift */; };
		249C7D5D277F609600D72DA4 /* TitleHeader.swift in Sources */ = {isa = PBXBuildFile; fileRef = 249C7D5C277F609600D72DA4 /* TitleHeader.swift */; };
		249D983B27C075B100E8F985 /* OpenDataCreditsScreen.swift in Sources */ = {isa = PBXBuildFile; fileRef = 249D983A27C075B100E8F985 /* OpenDataCreditsScreen.swift */; };
		24A3386B27C3D191007502DC /* SearchFieldView.swift in Sources */ = {isa = PBXBuildFile; fileRef = 24A3386A27C3D191007502DC /* SearchFieldView.swift */; };
		24A3386D27C68361007502DC /* RefreshControlView.swift in Sources */ = {isa = PBXBuildFile; fileRef = 24A3386C27C68361007502DC /* RefreshControlView.swift */; };
		24A9E14C27ACAB5200CCA97B /* Launch Screen.storyboard in Resources */ = {isa = PBXBuildFile; fileRef = 24A9E14B27ACAB5200CCA97B /* Launch Screen.storyboard */; };
		24B3FE8F272225B8004B93A6 /* MapExtensions.swift in Sources */ = {isa = PBXBuildFile; fileRef = 24B3FE8E272225B8004B93A6 /* MapExtensions.swift */; };
		24B3FE912722356A004B93A6 /* DirectionsProvider.swift in Sources */ = {isa = PBXBuildFile; fileRef = 24B3FE902722356A004B93A6 /* DirectionsProvider.swift */; };
		24C654852772BF55006363B8 /* AppColors.swift in Sources */ = {isa = PBXBuildFile; fileRef = 24C654842772BF55006363B8 /* AppColors.swift */; };
		24CC1B4E270A8ABE009BE390 /* BridgeStore.swift in Sources */ = {isa = PBXBuildFile; fileRef = 24CC1B4D270A8ABE009BE390 /* BridgeStore.swift */; };
/* End PBXBuildFile section */

/* Begin PBXFileReference section */
		240075CC271493CB00CB864F /* AppLogging.swift */ = {isa = PBXFileReference; lastKnownFileType = sourcecode.swift; path = AppLogging.swift; sourceTree = "<group>"; };
		240075CE27150F5800CB864F /* BridgeDetailsView.swift */ = {isa = PBXFileReference; lastKnownFileType = sourcecode.swift; path = BridgeDetailsView.swift; sourceTree = "<group>"; };
		240075D02716607B00CB864F /* BridgeListRow.swift */ = {isa = PBXFileReference; lastKnownFileType = sourcecode.swift; path = BridgeListRow.swift; sourceTree = "<group>"; };
		2405C99C2767E1CF00C68307 /* BridgeImageLoadingProgressView.swift */ = {isa = PBXFileReference; lastKnownFileType = sourcecode.swift; path = BridgeImageLoadingProgressView.swift; sourceTree = "<group>"; };
		240FBEE1278634CD0029DCC5 /* Favorites.swift */ = {isa = PBXFileReference; lastKnownFileType = sourcecode.swift; path = Favorites.swift; sourceTree = "<group>"; };
		24101261270F323E00FE7DEC /* OpenDataService.swift */ = {isa = PBXFileReference; lastKnownFileType = sourcecode.swift; path = OpenDataService.swift; sourceTree = "<group>"; };
		241012652713757900FE7DEC /* PittsburghCityBridges.xcdatamodel */ = {isa = PBXFileReference; lastKnownFileType = wrapper.xcdatamodel; path = PittsburghCityBridges.xcdatamodel; sourceTree = "<group>"; };
		241012882713785C00FE7DEC /* BridgeMapView.swift */ = {isa = PBXFileReference; lastKnownFileType = sourcecode.swift; path = BridgeMapView.swift; sourceTree = "<group>"; };
		2410128C2713855400FE7DEC /* ContentView.swift */ = {isa = PBXFileReference; lastKnownFileType = sourcecode.swift; path = ContentView.swift; sourceTree = "<group>"; };
		2412B89A2783A61900BD557E /* TextCopy.swift */ = {isa = PBXFileReference; lastKnownFileType = sourcecode.swift; path = TextCopy.swift; sourceTree = "<group>"; };
		2412B89C2783D19F00BD557E /* MoreScreenView.swift */ = {isa = PBXFileReference; lastKnownFileType = sourcecode.swift; path = MoreScreenView.swift; sourceTree = "<group>"; };
		2417C3C327935A2A005DF78C /* AppIconCreditsScreen.swift */ = {isa = PBXFileReference; lastKnownFileType = sourcecode.swift; path = AppIconCreditsScreen.swift; sourceTree = "<group>"; };
		2417C3C52794C343005DF78C /* OnBoardingContentView.swift */ = {isa = PBXFileReference; lastKnownFileType = sourcecode.swift; path = OnBoardingContentView.swift; sourceTree = "<group>"; };
		2417C3C72794C5E1005DF78C /* SettingsScreenView.swift */ = {isa = PBXFileReference; lastKnownFileType = sourcecode.swift; path = SettingsScreenView.swift; sourceTree = "<group>"; };
		2417C3CA279B456F005DF78C /* DirectionsDisclaimerAgreement.swift */ = {isa = PBXFileReference; lastKnownFileType = sourcecode.swift; path = DirectionsDisclaimerAgreement.swift; sourceTree = "<group>"; };
		2419B8B8271F382600BFE3D8 /* BridgeMapUIView.swift */ = {isa = PBXFileReference; lastKnownFileType = sourcecode.swift; path = BridgeMapUIView.swift; sourceTree = "<group>"; };
		2419B8BA271F3CD900BFE3D8 /* MapViewModel.swift */ = {isa = PBXFileReference; lastKnownFileType = sourcecode.swift; path = MapViewModel.swift; sourceTree = "<group>"; };
		2419B8BC2721843700BFE3D8 /* BridgeMapDetailAccessoryView.swift */ = {isa = PBXFileReference; lastKnownFileType = sourcecode.swift; path = BridgeMapDetailAccessoryView.swift; sourceTree = "<group>"; };
		2419B8C32721D64E00BFE3D8 /* LocationService.swift */ = {isa = PBXFileReference; lastKnownFileType = sourcecode.swift; path = LocationService.swift; sourceTree = "<group>"; };
		24496FA1278CDF170074720C /* DirectionsDisclaimerView.swift */ = {isa = PBXFileReference; lastKnownFileType = sourcecode.swift; path = DirectionsDisclaimerView.swift; sourceTree = "<group>"; };
		24496FA4278DDFCE0074720C /* StorageKeys.swift */ = {isa = PBXFileReference; lastKnownFileType = sourcecode.swift; path = StorageKeys.swift; sourceTree = "<group>"; };
		244A747327187D1200284608 /* BridgeModel.swift */ = {isa = PBXFileReference; lastKnownFileType = sourcecode.swift; path = BridgeModel.swift; sourceTree = "<group>"; };
		244A74792719A1A600284608 /* GEOJSONModels.swift */ = {isa = PBXFileReference; lastKnownFileType = sourcecode.swift; path = GEOJSONModels.swift; sourceTree = "<group>"; };
		244E9C90273ABF2A00605134 /* BridgeListViewModel.swift */ = {isa = PBXFileReference; lastKnownFileType = sourcecode.swift; path = BridgeListViewModel.swift; sourceTree = "<group>"; };
		244EA80727AF12E800E5FC81 /* OnBoardingCloseScreen.swift */ = {isa = PBXFileReference; lastKnownFileType = sourcecode.swift; path = OnBoardingCloseScreen.swift; sourceTree = "<group>"; };
		244EA80927AF14CD00E5FC81 /* OnboardingCollapsedBridgeScreen.swift */ = {isa = PBXFileReference; lastKnownFileType = sourcecode.swift; path = OnboardingCollapsedBridgeScreen.swift; sourceTree = "<group>"; };
		24580209278776510091365B /* FavoritesButton.swift */ = {isa = PBXFileReference; lastKnownFileType = sourcecode.swift; path = FavoritesButton.swift; sourceTree = "<group>"; };
		2458020B27879A530091365B /* SinglePhotoView.swift */ = {isa = PBXFileReference; lastKnownFileType = sourcecode.swift; path = SinglePhotoView.swift; sourceTree = "<group>"; };
		2458020D27879E1D0091365B /* BridgesListsView.swift */ = {isa = PBXFileReference; lastKnownFileType = sourcecode.swift; path = BridgesListsView.swift; sourceTree = "<group>"; };
		2458020F2788C2420091365B /* BridgesPhotosListView.swift */ = {isa = PBXFileReference; lastKnownFileType = sourcecode.swift; path = BridgesPhotosListView.swift; sourceTree = "<group>"; };
		245BDCC0272C917D000FE644 /* Sequence+Extensions.swift */ = {isa = PBXFileReference; lastKnownFileType = sourcecode.swift; path = "Sequence+Extensions.swift"; sourceTree = "<group>"; };
		2468A097278E379D00D724F5 /* UIImage+Extensions.swift */ = {isa = PBXFileReference; lastKnownFileType = sourcecode.swift; path = "UIImage+Extensions.swift"; sourceTree = "<group>"; };
		2468A099278F3D4100D724F5 /* OpenDataFileSystem.swift */ = {isa = PBXFileReference; fileEncoding = 4; lastKnownFileType = sourcecode.swift; path = OpenDataFileSystem.swift; sourceTree = "<group>"; };
		246C089627CFDC44009A9675 /* OnBoardingMapScreen.swift */ = {isa = PBXFileReference; lastKnownFileType = sourcecode.swift; path = OnBoardingMapScreen.swift; sourceTree = "<group>"; };
		246F309027B076CC00B75025 /* Controls.swift */ = {isa = PBXFileReference; lastKnownFileType = sourcecode.swift; path = Controls.swift; sourceTree = "<group>"; };
		246F309227B1B90800B75025 /* OnBoardingIntroScreen.swift */ = {isa = PBXFileReference; lastKnownFileType = sourcecode.swift; path = OnBoardingIntroScreen.swift; sourceTree = "<group>"; };
		246F309427B2D72800B75025 /* OnBoardingBrowseScreen.swift */ = {isa = PBXFileReference; lastKnownFileType = sourcecode.swift; path = OnBoardingBrowseScreen.swift; sourceTree = "<group>"; };
		247214ED27027E0E004FBACD /* Info.plist */ = {isa = PBXFileReference; lastKnownFileType = text.plist; path = Info.plist; sourceTree = "<group>"; };
		247214F927052317004FBACD /* TwoBridge.json */ = {isa = PBXFileReference; lastKnownFileType = text.json; path = TwoBridge.json; sourceTree = "<group>"; };
		247214FB27054B5A004FBACD /* BridgesOpenData.json */ = {isa = PBXFileReference; lastKnownFileType = text.json; path = BridgesOpenData.json; sourceTree = "<group>"; };
		24808FD2274D443D00FF131C /* ViewExtensions.swift */ = {isa = PBXFileReference; lastKnownFileType = sourcecode.swift; path = ViewExtensions.swift; sourceTree = "<group>"; };
		24808FDB275A6D9900FF131C /* BridgeImageSystem.swift */ = {isa = PBXFileReference; lastKnownFileType = sourcecode.swift; path = BridgeImageSystem.swift; sourceTree = "<group>"; };
		24808FE0275BDA9100FF131C /* FileManagerExtensions.swift */ = {isa = PBXFileReference; lastKnownFileType = sourcecode.swift; path = FileManagerExtensions.swift; sourceTree = "<group>"; };
		248F7B5D27D2B2690046A510 /* OnBoardingSortAndSearchScreen.swift */ = {isa = PBXFileReference; fileEncoding = 4; lastKnownFileType = sourcecode.swift; path = OnBoardingSortAndSearchScreen.swift; sourceTree = "<group>"; };
		248FC57F270276EA00BE168F /* PittsburghCityBridges.app */ = {isa = PBXFileReference; explicitFileType = wrapper.application; includeInIndex = 0; path = PittsburghCityBridges.app; sourceTree = BUILT_PRODUCTS_DIR; };
		248FC582270276EA00BE168F /* PittsburghCityBridgesApp.swift */ = {isa = PBXFileReference; lastKnownFileType = sourcecode.swift; path = PittsburghCityBridgesApp.swift; sourceTree = "<group>"; };
		248FC584270276EA00BE168F /* CloudKitContentView.swift */ = {isa = PBXFileReference; lastKnownFileType = sourcecode.swift; path = CloudKitContentView.swift; sourceTree = "<group>"; };
		248FC586270276EE00BE168F /* Assets.xcassets */ = {isa = PBXFileReference; lastKnownFileType = folder.assetcatalog; path = Assets.xcassets; sourceTree = "<group>"; };
		248FC589270276EE00BE168F /* Preview Assets.xcassets */ = {isa = PBXFileReference; lastKnownFileType = folder.assetcatalog; path = "Preview Assets.xcassets"; sourceTree = "<group>"; };
		248FC58B270276EE00BE168F /* Persistence.swift */ = {isa = PBXFileReference; lastKnownFileType = sourcecode.swift; path = Persistence.swift; sourceTree = "<group>"; };
		248FC597270278E000BE168F /* PittsburghCityBridges.entitlements */ = {isa = PBXFileReference; lastKnownFileType = text.plist.entitlements; path = PittsburghCityBridges.entitlements; sourceTree = "<group>"; };
		248FC599270278F100BE168F /* CloudKit.framework */ = {isa = PBXFileReference; lastKnownFileType = wrapper.framework; name = CloudKit.framework; path = System/Library/Frameworks/CloudKit.framework; sourceTree = SDKROOT; };
		2497B22527A3592A00C60E44 /* OnBoardingBridgePhotosScreen.swift */ = {isa = PBXFileReference; lastKnownFileType = sourcecode.swift; path = OnBoardingBridgePhotosScreen.swift; sourceTree = "<group>"; };
		249C7D5A277E52D700D72DA4 /* HeaderToolBar.swift */ = {isa = PBXFileReference; lastKnownFileType = sourcecode.swift; path = HeaderToolBar.swift; sourceTree = "<group>"; };
		249C7D5C277F609600D72DA4 /* TitleHeader.swift */ = {isa = PBXFileReference; lastKnownFileType = sourcecode.swift; path = TitleHeader.swift; sourceTree = "<group>"; };
		249D983A27C075B100E8F985 /* OpenDataCreditsScreen.swift */ = {isa = PBXFileReference; lastKnownFileType = sourcecode.swift; path = OpenDataCreditsScreen.swift; sourceTree = "<group>"; };
		24A3386A27C3D191007502DC /* SearchFieldView.swift */ = {isa = PBXFileReference; lastKnownFileType = sourcecode.swift; path = SearchFieldView.swift; sourceTree = "<group>"; };
		24A3386C27C68361007502DC /* RefreshControlView.swift */ = {isa = PBXFileReference; lastKnownFileType = sourcecode.swift; path = RefreshControlView.swift; sourceTree = "<group>"; };
		24A9E14B27ACAB5200CCA97B /* Launch Screen.storyboard */ = {isa = PBXFileReference; lastKnownFileType = file.storyboard; path = "Launch Screen.storyboard"; sourceTree = "<group>"; };
		24B3FE8E272225B8004B93A6 /* MapExtensions.swift */ = {isa = PBXFileReference; lastKnownFileType = sourcecode.swift; path = MapExtensions.swift; sourceTree = "<group>"; };
		24B3FE902722356A004B93A6 /* DirectionsProvider.swift */ = {isa = PBXFileReference; lastKnownFileType = sourcecode.swift; path = DirectionsProvider.swift; sourceTree = "<group>"; };
		24C654842772BF55006363B8 /* AppColors.swift */ = {isa = PBXFileReference; lastKnownFileType = sourcecode.swift; path = AppColors.swift; sourceTree = "<group>"; };
		24CC1B4D270A8ABE009BE390 /* BridgeStore.swift */ = {isa = PBXFileReference; lastKnownFileType = sourcecode.swift; path = BridgeStore.swift; sourceTree = "<group>"; };
/* End PBXFileReference section */

/* Begin PBXFrameworksBuildPhase section */
		248FC57C270276EA00BE168F /* Frameworks */ = {
			isa = PBXFrameworksBuildPhase;
			buildActionMask = 2147483647;
			files = (
				24808FDF275AF61F00FF131C /* Files in Frameworks */,
				248FC59A270278F100BE168F /* CloudKit.framework in Frameworks */,
			);
			runOnlyForDeploymentPostprocessing = 0;
		};
/* End PBXFrameworksBuildPhase section */

/* Begin PBXGroup section */
		2410126327106A6700FE7DEC /* Services */ = {
			isa = PBXGroup;
			children = (
				240075CC271493CB00CB864F /* AppLogging.swift */,
				24808FDB275A6D9900FF131C /* BridgeImageSystem.swift */,
				24CC1B4D270A8ABE009BE390 /* BridgeStore.swift */,
				24B3FE902722356A004B93A6 /* DirectionsProvider.swift */,
				240FBEE1278634CD0029DCC5 /* Favorites.swift */,
				24101261270F323E00FE7DEC /* OpenDataService.swift */,
				2468A099278F3D4100D724F5 /* OpenDataFileSystem.swift */,
			);
			path = Services;
			sourceTree = "<group>";
		};
		2417C3C9279B451E005DF78C /* Components */ = {
			isa = PBXGroup;
			children = (
				2405C99C2767E1CF00C68307 /* BridgeImageLoadingProgressView.swift */,
				240075D02716607B00CB864F /* BridgeListRow.swift */,
				2417C3CA279B456F005DF78C /* DirectionsDisclaimerAgreement.swift */,
				24580209278776510091365B /* FavoritesButton.swift */,
				249C7D5A277E52D700D72DA4 /* HeaderToolBar.swift */,
				24A3386A27C3D191007502DC /* SearchFieldView.swift */,
				2458020B27879A530091365B /* SinglePhotoView.swift */,
				249C7D5C277F609600D72DA4 /* TitleHeader.swift */,
				24A3386C27C68361007502DC /* RefreshControlView.swift */,
			);
			path = Components;
			sourceTree = "<group>";
		};
		2419B8C02721B08A00BFE3D8 /* Extensions */ = {
			isa = PBXGroup;
			children = (
				24808FE0275BDA9100FF131C /* FileManagerExtensions.swift */,
				24B3FE8E272225B8004B93A6 /* MapExtensions.swift */,
				245BDCC0272C917D000FE644 /* Sequence+Extensions.swift */,
				24808FD2274D443D00FF131C /* ViewExtensions.swift */,
				2468A097278E379D00D724F5 /* UIImage+Extensions.swift */,
			);
			path = Extensions;
			sourceTree = "<group>";
		};
		24496FA3278DDF7D0074720C /* Constants */ = {
			isa = PBXGroup;
			children = (
				2412B89A2783A61900BD557E /* TextCopy.swift */,
				24496FA4278DDFCE0074720C /* StorageKeys.swift */,
			);
			path = Constants;
			sourceTree = "<group>";
		};
		247214F027028A00004FBACD /* Models */ = {
			isa = PBXGroup;
			children = (
				244A747327187D1200284608 /* BridgeModel.swift */,
				244E9C90273ABF2A00605134 /* BridgeListViewModel.swift */,
				2419B8BA271F3CD900BFE3D8 /* MapViewModel.swift */,
				244A74792719A1A600284608 /* GEOJSONModels.swift */,
			);
			path = Models;
			sourceTree = "<group>";
		};
		247214F32703CCC9004FBACD /* Resources */ = {
			isa = PBXGroup;
			children = (
				247214F927052317004FBACD /* TwoBridge.json */,
				247214FB27054B5A004FBACD /* BridgesOpenData.json */,
			);
			path = Resources;
			sourceTree = "<group>";
		};
		247214F627051F98004FBACD /* Views */ = {
			isa = PBXGroup;
			children = (
				249D983927C0753700E8F985 /* More */,
				2497B22227A3542E00C60E44 /* Bridges */,
				2417C3C9279B451E005DF78C /* Components */,
				2497B22027A353CD00C60E44 /* Map */,
				2497B22127A3540900C60E44 /* Onboarding */,
				248FC584270276EA00BE168F /* CloudKitContentView.swift */,
				2410128C2713855400FE7DEC /* ContentView.swift */,
				24496FA1278CDF170074720C /* DirectionsDisclaimerView.swift */,
			);
			path = Views;
			sourceTree = "<group>";
		};
		248FC576270276EA00BE168F = {
			isa = PBXGroup;
			children = (
				248FC581270276EA00BE168F /* PittsburghCityBridges */,
				248FC580270276EA00BE168F /* Products */,
				248FC598270278F100BE168F /* Frameworks */,
			);
			sourceTree = "<group>";
		};
		248FC580270276EA00BE168F /* Products */ = {
			isa = PBXGroup;
			children = (
				248FC57F270276EA00BE168F /* PittsburghCityBridges.app */,
			);
			name = Products;
			sourceTree = "<group>";
		};
		248FC581270276EA00BE168F /* PittsburghCityBridges */ = {
			isa = PBXGroup;
			children = (
				248FC597270278E000BE168F /* PittsburghCityBridges.entitlements */,
				248FC582270276EA00BE168F /* PittsburghCityBridgesApp.swift */,
				24C654862773FCD8006363B8 /* Appearance */,
				24496FA3278DDF7D0074720C /* Constants */,
				24CC1B53270CF0C8009BE390 /* CoreData */,
				2419B8C02721B08A00BFE3D8 /* Extensions */,
				24B3FE922722FD7B004B93A6 /* Managers */,
				247214F027028A00004FBACD /* Models */,
				247214F32703CCC9004FBACD /* Resources */,
				2410126327106A6700FE7DEC /* Services */,
				247214F627051F98004FBACD /* Views */,
				247214ED27027E0E004FBACD /* Info.plist */,
				248FC586270276EE00BE168F /* Assets.xcassets */,
				248FC588270276EE00BE168F /* Preview Content */,
				24A9E14B27ACAB5200CCA97B /* Launch Screen.storyboard */,
			);
			path = PittsburghCityBridges;
			sourceTree = "<group>";
		};
		248FC588270276EE00BE168F /* Preview Content */ = {
			isa = PBXGroup;
			children = (
				248FC589270276EE00BE168F /* Preview Assets.xcassets */,
			);
			path = "Preview Content";
			sourceTree = "<group>";
		};
		248FC598270278F100BE168F /* Frameworks */ = {
			isa = PBXGroup;
			children = (
				248FC599270278F100BE168F /* CloudKit.framework */,
			);
			name = Frameworks;
			sourceTree = "<group>";
		};
		2497B22027A353CD00C60E44 /* Map */ = {
			isa = PBXGroup;
			children = (
				241012882713785C00FE7DEC /* BridgeMapView.swift */,
				2419B8BC2721843700BFE3D8 /* BridgeMapDetailAccessoryView.swift */,
				2419B8B8271F382600BFE3D8 /* BridgeMapUIView.swift */,
			);
			path = Map;
			sourceTree = "<group>";
		};
		2497B22127A3540900C60E44 /* Onboarding */ = {
			isa = PBXGroup;
			children = (
				246F309427B2D72800B75025 /* OnBoardingBrowseScreen.swift */,
				2497B22527A3592A00C60E44 /* OnBoardingBridgePhotosScreen.swift */,
				2417C3C52794C343005DF78C /* OnBoardingContentView.swift */,
				244EA80727AF12E800E5FC81 /* OnBoardingCloseScreen.swift */,
				244EA80927AF14CD00E5FC81 /* OnboardingCollapsedBridgeScreen.swift */,
				246F309227B1B90800B75025 /* OnBoardingIntroScreen.swift */,
				246C089627CFDC44009A9675 /* OnBoardingMapScreen.swift */,
				248F7B5D27D2B2690046A510 /* OnBoardingSortAndSearchScreen.swift */,
			);
			path = Onboarding;
			sourceTree = "<group>";
		};
		2497B22227A3542E00C60E44 /* Bridges */ = {
			isa = PBXGroup;
			children = (
				240075CE27150F5800CB864F /* BridgeDetailsView.swift */,
				2458020D27879E1D0091365B /* BridgesListsView.swift */,
				2458020F2788C2420091365B /* BridgesPhotosListView.swift */,
			);
			path = Bridges;
			sourceTree = "<group>";
		};
		249D983927C0753700E8F985 /* More */ = {
			isa = PBXGroup;
			children = (
				2417C3C327935A2A005DF78C /* AppIconCreditsScreen.swift */,
				2412B89C2783D19F00BD557E /* MoreScreenView.swift */,
				2417C3C72794C5E1005DF78C /* SettingsScreenView.swift */,
				249D983A27C075B100E8F985 /* OpenDataCreditsScreen.swift */,
			);
			path = More;
			sourceTree = "<group>";
		};
		24B3FE922722FD7B004B93A6 /* Managers */ = {
			isa = PBXGroup;
			children = (
				2419B8C32721D64E00BFE3D8 /* LocationService.swift */,
			);
			path = Managers;
			sourceTree = "<group>";
		};
		24C654862773FCD8006363B8 /* Appearance */ = {
			isa = PBXGroup;
			children = (
				24C654842772BF55006363B8 /* AppColors.swift */,
				246F309027B076CC00B75025 /* Controls.swift */,
			);
			path = Appearance;
			sourceTree = "<group>";
		};
		24CC1B53270CF0C8009BE390 /* CoreData */ = {
			isa = PBXGroup;
			children = (
				248FC58B270276EE00BE168F /* Persistence.swift */,
				241012642713757900FE7DEC /* PittsburghCityBridges.xcdatamodeld */,
			);
			path = CoreData;
			sourceTree = "<group>";
		};
/* End PBXGroup section */

/* Begin PBXNativeTarget section */
		248FC57E270276EA00BE168F /* PittsburghCityBridges */ = {
			isa = PBXNativeTarget;
			buildConfigurationList = 248FC592270276EE00BE168F /* Build configuration list for PBXNativeTarget "PittsburghCityBridges" */;
			buildPhases = (
				248FC57B270276EA00BE168F /* Sources */,
				248FC57C270276EA00BE168F /* Frameworks */,
				248FC57D270276EA00BE168F /* Resources */,
			);
			buildRules = (
			);
			dependencies = (
			);
			name = PittsburghCityBridges;
			packageProductDependencies = (
				24808FDE275AF61F00FF131C /* Files */,
			);
			productName = PittsburghCityBridges;
			productReference = 248FC57F270276EA00BE168F /* PittsburghCityBridges.app */;
			productType = "com.apple.product-type.application";
		};
/* End PBXNativeTarget section */

/* Begin PBXProject section */
		248FC577270276EA00BE168F /* Project object */ = {
			isa = PBXProject;
			attributes = {
				BuildIndependentTargetsInParallel = 1;
				LastSwiftUpdateCheck = 1300;
				LastUpgradeCheck = 1300;
				TargetAttributes = {
					248FC57E270276EA00BE168F = {
						CreatedOnToolsVersion = 13.0;
					};
				};
			};
			buildConfigurationList = 248FC57A270276EA00BE168F /* Build configuration list for PBXProject "PittsburghCityBridges" */;
			compatibilityVersion = "Xcode 13.0";
			developmentRegion = en;
			hasScannedForEncodings = 0;
			knownRegions = (
				en,
				Base,
			);
			mainGroup = 248FC576270276EA00BE168F;
			packageReferences = (
				24808FDD275AF61F00FF131C /* XCRemoteSwiftPackageReference "Files" */,
			);
			productRefGroup = 248FC580270276EA00BE168F /* Products */;
			projectDirPath = "";
			projectRoot = "";
			targets = (
				248FC57E270276EA00BE168F /* PittsburghCityBridges */,
			);
		};
/* End PBXProject section */

/* Begin PBXResourcesBuildPhase section */
		248FC57D270276EA00BE168F /* Resources */ = {
			isa = PBXResourcesBuildPhase;
			buildActionMask = 2147483647;
			files = (
				24A9E14C27ACAB5200CCA97B /* Launch Screen.storyboard in Resources */,
				247214FC27054B7B004FBACD /* BridgesOpenData.json in Resources */,
				247214FA27052454004FBACD /* TwoBridge.json in Resources */,
				248FC58A270276EE00BE168F /* Preview Assets.xcassets in Resources */,
				248FC587270276EE00BE168F /* Assets.xcassets in Resources */,
			);
			runOnlyForDeploymentPostprocessing = 0;
		};
/* End PBXResourcesBuildPhase section */

/* Begin PBXSourcesBuildPhase section */
		248FC57B270276EA00BE168F /* Sources */ = {
			isa = PBXSourcesBuildPhase;
			buildActionMask = 2147483647;
			files = (
				245BDCC1272C917D000FE644 /* Sequence+Extensions.swift in Sources */,
				24808FE1275BDA9200FF131C /* FileManagerExtensions.swift in Sources */,
				246F309127B076CC00B75025 /* Controls.swift in Sources */,
				2417C3CB279B456F005DF78C /* DirectionsDisclaimerAgreement.swift in Sources */,
				240FBEE2278634CD0029DCC5 /* Favorites.swift in Sources */,
				246C089727CFDC44009A9675 /* OnBoardingMapScreen.swift in Sources */,
				2468A09A278F3D4100D724F5 /* OpenDataFileSystem.swift in Sources */,
				2458020C27879A530091365B /* SinglePhotoView.swift in Sources */,
				245802102788C2420091365B /* BridgesPhotosListView.swift in Sources */,
				241012892713785C00FE7DEC /* BridgeMapView.swift in Sources */,
				24496FA5278DDFCE0074720C /* StorageKeys.swift in Sources */,
				24B3FE912722356A004B93A6 /* DirectionsProvider.swift in Sources */,
				2410128D2713855400FE7DEC /* ContentView.swift in Sources */,
				24496FA2278CDF170074720C /* DirectionsDisclaimerView.swift in Sources */,
				2412B89B2783A61900BD557E /* TextCopy.swift in Sources */,
				2412B89D2783D19F00BD557E /* MoreScreenView.swift in Sources */,
				248FC58C270276EE00BE168F /* Persistence.swift in Sources */,
				2419B8BB271F3CD900BFE3D8 /* MapViewModel.swift in Sources */,
				241012662713757900FE7DEC /* PittsburghCityBridges.xcdatamodeld in Sources */,
				2417C3C427935A2A005DF78C /* AppIconCreditsScreen.swift in Sources */,
				249D983B27C075B100E8F985 /* OpenDataCreditsScreen.swift in Sources */,
				2458020E27879E1D0091365B /* BridgesListsView.swift in Sources */,
				2419B8BD2721843800BFE3D8 /* BridgeMapDetailAccessoryView.swift in Sources */,
				2458020A278776510091365B /* FavoritesButton.swift in Sources */,
				24B3FE8F272225B8004B93A6 /* MapExtensions.swift in Sources */,
				240075CF27150F5800CB864F /* BridgeDetailsView.swift in Sources */,
				248FC585270276EA00BE168F /* CloudKitContentView.swift in Sources */,
				246F309527B2D72800B75025 /* OnBoardingBrowseScreen.swift in Sources */,
				244A747A2719A1A600284608 /* GEOJSONModels.swift in Sources */,
				2419B8B9271F382600BFE3D8 /* BridgeMapUIView.swift in Sources */,
				248F7B5E27D2B26A0046A510 /* OnBoardingSortAndSearchScreen.swift in Sources */,
				240075CD271493CB00CB864F /* AppLogging.swift in Sources */,
				2497B22627A3592A00C60E44 /* OnBoardingBridgePhotosScreen.swift in Sources */,
				2405C99D2767E1CF00C68307 /* BridgeImageLoadingProgressView.swift in Sources */,
				244A747427187D1200284608 /* BridgeModel.swift in Sources */,
				248FC583270276EA00BE168F /* PittsburghCityBridgesApp.swift in Sources */,
				244E9C91273ABF2A00605134 /* BridgeListViewModel.swift in Sources */,
				249C7D5D277F609600D72DA4 /* TitleHeader.swift in Sources */,
				24808FD3274D443D00FF131C /* ViewExtensions.swift in Sources */,
				244EA80827AF12E800E5FC81 /* OnBoardingCloseScreen.swift in Sources */,
				24A3386B27C3D191007502DC /* SearchFieldView.swift in Sources */,
				2417C3C62794C344005DF78C /* OnBoardingContentView.swift in Sources */,
				249C7D5B277E52D700D72DA4 /* HeaderToolBar.swift in Sources */,
				244EA80A27AF14CD00E5FC81 /* OnboardingCollapsedBridgeScreen.swift in Sources */,
				2419B8C42721D64E00BFE3D8 /* LocationService.swift in Sources */,
				246F309327B1B90800B75025 /* OnBoardingIntroScreen.swift in Sources */,
				24A3386D27C68361007502DC /* RefreshControlView.swift in Sources */,
				24C654852772BF55006363B8 /* AppColors.swift in Sources */,
				24808FDC275A6D9B00FF131C /* BridgeImageSystem.swift in Sources */,
				240075D12716607B00CB864F /* BridgeListRow.swift in Sources */,
				2468A098278E379D00D724F5 /* UIImage+Extensions.swift in Sources */,
				24101262270F323E00FE7DEC /* OpenDataService.swift in Sources */,
				24CC1B4E270A8ABE009BE390 /* BridgeStore.swift in Sources */,
				2417C3C82794C5E1005DF78C /* SettingsScreenView.swift in Sources */,
			);
			runOnlyForDeploymentPostprocessing = 0;
		};
/* End PBXSourcesBuildPhase section */

/* Begin XCBuildConfiguration section */
		248FC590270276EE00BE168F /* Debug */ = {
			isa = XCBuildConfiguration;
			buildSettings = {
				ALWAYS_SEARCH_USER_PATHS = NO;
				CLANG_ANALYZER_NONNULL = YES;
				CLANG_ANALYZER_NUMBER_OBJECT_CONVERSION = YES_AGGRESSIVE;
				CLANG_CXX_LANGUAGE_STANDARD = "gnu++17";
				CLANG_CXX_LIBRARY = "libc++";
				CLANG_ENABLE_MODULES = YES;
				CLANG_ENABLE_OBJC_ARC = YES;
				CLANG_ENABLE_OBJC_WEAK = YES;
				CLANG_WARN_BLOCK_CAPTURE_AUTORELEASING = YES;
				CLANG_WARN_BOOL_CONVERSION = YES;
				CLANG_WARN_COMMA = YES;
				CLANG_WARN_CONSTANT_CONVERSION = YES;
				CLANG_WARN_DEPRECATED_OBJC_IMPLEMENTATIONS = YES;
				CLANG_WARN_DIRECT_OBJC_ISA_USAGE = YES_ERROR;
				CLANG_WARN_DOCUMENTATION_COMMENTS = YES;
				CLANG_WARN_EMPTY_BODY = YES;
				CLANG_WARN_ENUM_CONVERSION = YES;
				CLANG_WARN_INFINITE_RECURSION = YES;
				CLANG_WARN_INT_CONVERSION = YES;
				CLANG_WARN_NON_LITERAL_NULL_CONVERSION = YES;
				CLANG_WARN_OBJC_IMPLICIT_RETAIN_SELF = YES;
				CLANG_WARN_OBJC_LITERAL_CONVERSION = YES;
				CLANG_WARN_OBJC_ROOT_CLASS = YES_ERROR;
				CLANG_WARN_QUOTED_INCLUDE_IN_FRAMEWORK_HEADER = YES;
				CLANG_WARN_RANGE_LOOP_ANALYSIS = YES;
				CLANG_WARN_STRICT_PROTOTYPES = YES;
				CLANG_WARN_SUSPICIOUS_MOVE = YES;
				CLANG_WARN_UNGUARDED_AVAILABILITY = YES_AGGRESSIVE;
				CLANG_WARN_UNREACHABLE_CODE = YES;
				CLANG_WARN__DUPLICATE_METHOD_MATCH = YES;
				COPY_PHASE_STRIP = NO;
				DEBUG_INFORMATION_FORMAT = dwarf;
				ENABLE_STRICT_OBJC_MSGSEND = YES;
				ENABLE_TESTABILITY = YES;
				GCC_C_LANGUAGE_STANDARD = gnu11;
				GCC_DYNAMIC_NO_PIC = NO;
				GCC_NO_COMMON_BLOCKS = YES;
				GCC_OPTIMIZATION_LEVEL = 0;
				GCC_PREPROCESSOR_DEFINITIONS = (
					"DEBUG=1",
					"$(inherited)",
				);
				GCC_WARN_64_TO_32_BIT_CONVERSION = YES;
				GCC_WARN_ABOUT_RETURN_TYPE = YES_ERROR;
				GCC_WARN_UNDECLARED_SELECTOR = YES;
				GCC_WARN_UNINITIALIZED_AUTOS = YES_AGGRESSIVE;
				GCC_WARN_UNUSED_FUNCTION = YES;
				GCC_WARN_UNUSED_VARIABLE = YES;
				IPHONEOS_DEPLOYMENT_TARGET = 15.0;
				MTL_ENABLE_DEBUG_INFO = INCLUDE_SOURCE;
				MTL_FAST_MATH = YES;
				ONLY_ACTIVE_ARCH = YES;
				SDKROOT = iphoneos;
				SWIFT_ACTIVE_COMPILATION_CONDITIONS = DEBUG;
				SWIFT_OPTIMIZATION_LEVEL = "-Onone";
			};
			name = Debug;
		};
		248FC591270276EE00BE168F /* Release */ = {
			isa = XCBuildConfiguration;
			buildSettings = {
				ALWAYS_SEARCH_USER_PATHS = NO;
				CLANG_ANALYZER_NONNULL = YES;
				CLANG_ANALYZER_NUMBER_OBJECT_CONVERSION = YES_AGGRESSIVE;
				CLANG_CXX_LANGUAGE_STANDARD = "gnu++17";
				CLANG_CXX_LIBRARY = "libc++";
				CLANG_ENABLE_MODULES = YES;
				CLANG_ENABLE_OBJC_ARC = YES;
				CLANG_ENABLE_OBJC_WEAK = YES;
				CLANG_WARN_BLOCK_CAPTURE_AUTORELEASING = YES;
				CLANG_WARN_BOOL_CONVERSION = YES;
				CLANG_WARN_COMMA = YES;
				CLANG_WARN_CONSTANT_CONVERSION = YES;
				CLANG_WARN_DEPRECATED_OBJC_IMPLEMENTATIONS = YES;
				CLANG_WARN_DIRECT_OBJC_ISA_USAGE = YES_ERROR;
				CLANG_WARN_DOCUMENTATION_COMMENTS = YES;
				CLANG_WARN_EMPTY_BODY = YES;
				CLANG_WARN_ENUM_CONVERSION = YES;
				CLANG_WARN_INFINITE_RECURSION = YES;
				CLANG_WARN_INT_CONVERSION = YES;
				CLANG_WARN_NON_LITERAL_NULL_CONVERSION = YES;
				CLANG_WARN_OBJC_IMPLICIT_RETAIN_SELF = YES;
				CLANG_WARN_OBJC_LITERAL_CONVERSION = YES;
				CLANG_WARN_OBJC_ROOT_CLASS = YES_ERROR;
				CLANG_WARN_QUOTED_INCLUDE_IN_FRAMEWORK_HEADER = YES;
				CLANG_WARN_RANGE_LOOP_ANALYSIS = YES;
				CLANG_WARN_STRICT_PROTOTYPES = YES;
				CLANG_WARN_SUSPICIOUS_MOVE = YES;
				CLANG_WARN_UNGUARDED_AVAILABILITY = YES_AGGRESSIVE;
				CLANG_WARN_UNREACHABLE_CODE = YES;
				CLANG_WARN__DUPLICATE_METHOD_MATCH = YES;
				COPY_PHASE_STRIP = NO;
				DEBUG_INFORMATION_FORMAT = "dwarf-with-dsym";
				ENABLE_NS_ASSERTIONS = NO;
				ENABLE_STRICT_OBJC_MSGSEND = YES;
				GCC_C_LANGUAGE_STANDARD = gnu11;
				GCC_NO_COMMON_BLOCKS = YES;
				GCC_WARN_64_TO_32_BIT_CONVERSION = YES;
				GCC_WARN_ABOUT_RETURN_TYPE = YES_ERROR;
				GCC_WARN_UNDECLARED_SELECTOR = YES;
				GCC_WARN_UNINITIALIZED_AUTOS = YES_AGGRESSIVE;
				GCC_WARN_UNUSED_FUNCTION = YES;
				GCC_WARN_UNUSED_VARIABLE = YES;
				IPHONEOS_DEPLOYMENT_TARGET = 15.0;
				MTL_ENABLE_DEBUG_INFO = NO;
				MTL_FAST_MATH = YES;
				SDKROOT = iphoneos;
				SWIFT_COMPILATION_MODE = wholemodule;
				SWIFT_OPTIMIZATION_LEVEL = "-O";
				VALIDATE_PRODUCT = YES;
			};
			name = Release;
		};
		248FC593270276EE00BE168F /* Debug */ = {
			isa = XCBuildConfiguration;
			buildSettings = {
				ASSETCATALOG_COMPILER_APPICON_NAME = AppIcon;
				ASSETCATALOG_COMPILER_GLOBAL_ACCENT_COLOR_NAME = AccentColor;
				ASSETCATALOG_COMPILER_INCLUDE_ALL_APPICON_ASSETS = YES;
				CODE_SIGN_ENTITLEMENTS = PittsburghCityBridges/PittsburghCityBridges.entitlements;
				CODE_SIGN_STYLE = Automatic;
				CURRENT_PROJECT_VERSION = 1;
				DEVELOPMENT_ASSET_PATHS = "\"PittsburghCityBridges/Preview Content\"";
				DEVELOPMENT_TEAM = 35RA2D9F5A;
				ENABLE_PREVIEWS = YES;
				GENERATE_INFOPLIST_FILE = YES;
				INFOPLIST_FILE = PittsburghCityBridges/Info.plist;
				INFOPLIST_KEY_CFBundleDisplayName = "City Bridges";
				INFOPLIST_KEY_NSLocationWhenInUseUsageDescription = "Directions requires your locations to get started";
				INFOPLIST_KEY_UIApplicationSceneManifest_Generation = YES;
				INFOPLIST_KEY_UIApplicationSupportsIndirectInputEvents = YES;
				INFOPLIST_KEY_UILaunchStoryboardName = "Launch Screen";
				INFOPLIST_KEY_UISupportedInterfaceOrientations_iPad = "UIInterfaceOrientationPortrait UIInterfaceOrientationPortraitUpsideDown UIInterfaceOrientationLandscapeLeft UIInterfaceOrientationLandscapeRight";
				INFOPLIST_KEY_UISupportedInterfaceOrientations_iPhone = "UIInterfaceOrientationPortrait UIInterfaceOrientationLandscapeLeft UIInterfaceOrientationLandscapeRight";
				IPHONEOS_DEPLOYMENT_TARGET = 15.0;
				LD_RUNPATH_SEARCH_PATHS = (
					"$(inherited)",
					"@executable_path/Frameworks",
				);
				MARKETING_VERSION = 1.0;
				PRODUCT_BUNDLE_IDENTIFIER = com.makinney.PittsburghCityBridges;
				PRODUCT_NAME = "$(TARGET_NAME)";
				SWIFT_EMIT_LOC_STRINGS = YES;
				SWIFT_VERSION = 5.0;
				TARGETED_DEVICE_FAMILY = "1,2";
			};
			name = Debug;
		};
		248FC594270276EE00BE168F /* Release */ = {
			isa = XCBuildConfiguration;
			buildSettings = {
				ASSETCATALOG_COMPILER_APPICON_NAME = AppIcon;
				ASSETCATALOG_COMPILER_GLOBAL_ACCENT_COLOR_NAME = AccentColor;
				ASSETCATALOG_COMPILER_INCLUDE_ALL_APPICON_ASSETS = YES;
				CODE_SIGN_ENTITLEMENTS = PittsburghCityBridges/PittsburghCityBridges.entitlements;
				CODE_SIGN_STYLE = Automatic;
				CURRENT_PROJECT_VERSION = 1;
				DEVELOPMENT_ASSET_PATHS = "\"PittsburghCityBridges/Preview Content\"";
				DEVELOPMENT_TEAM = 35RA2D9F5A;
				ENABLE_PREVIEWS = YES;
				GENERATE_INFOPLIST_FILE = YES;
				INFOPLIST_FILE = PittsburghCityBridges/Info.plist;
				INFOPLIST_KEY_CFBundleDisplayName = "City Bridges";
				INFOPLIST_KEY_NSLocationWhenInUseUsageDescription = "Directions requires your locations to get started";
				INFOPLIST_KEY_UIApplicationSceneManifest_Generation = YES;
				INFOPLIST_KEY_UIApplicationSupportsIndirectInputEvents = YES;
				INFOPLIST_KEY_UILaunchStoryboardName = "Launch Screen";
				INFOPLIST_KEY_UISupportedInterfaceOrientations_iPad = "UIInterfaceOrientationPortrait UIInterfaceOrientationPortraitUpsideDown UIInterfaceOrientationLandscapeLeft UIInterfaceOrientationLandscapeRight";
				INFOPLIST_KEY_UISupportedInterfaceOrientations_iPhone = "UIInterfaceOrientationPortrait UIInterfaceOrientationLandscapeLeft UIInterfaceOrientationLandscapeRight";
				IPHONEOS_DEPLOYMENT_TARGET = 15.0;
				LD_RUNPATH_SEARCH_PATHS = (
					"$(inherited)",
					"@executable_path/Frameworks",
				);
				MARKETING_VERSION = 1.0;
				PRODUCT_BUNDLE_IDENTIFIER = com.makinney.PittsburghCityBridges;
				PRODUCT_NAME = "$(TARGET_NAME)";
				SWIFT_EMIT_LOC_STRINGS = YES;
				SWIFT_VERSION = 5.0;
				TARGETED_DEVICE_FAMILY = "1,2";
			};
			name = Release;
		};
/* End XCBuildConfiguration section */

/* Begin XCConfigurationList section */
		248FC57A270276EA00BE168F /* Build configuration list for PBXProject "PittsburghCityBridges" */ = {
			isa = XCConfigurationList;
			buildConfigurations = (
				248FC590270276EE00BE168F /* Debug */,
				248FC591270276EE00BE168F /* Release */,
			);
			defaultConfigurationIsVisible = 0;
			defaultConfigurationName = Release;
		};
		248FC592270276EE00BE168F /* Build configuration list for PBXNativeTarget "PittsburghCityBridges" */ = {
			isa = XCConfigurationList;
			buildConfigurations = (
				248FC593270276EE00BE168F /* Debug */,
				248FC594270276EE00BE168F /* Release */,
			);
			defaultConfigurationIsVisible = 0;
			defaultConfigurationName = Release;
		};
/* End XCConfigurationList section */

/* Begin XCRemoteSwiftPackageReference section */
		24808FDD275AF61F00FF131C /* XCRemoteSwiftPackageReference "Files" */ = {
			isa = XCRemoteSwiftPackageReference;
			repositoryURL = "https://github.com/JohnSundell/Files";
			requirement = {
				kind = upToNextMajorVersion;
				minimumVersion = 4.0.0;
			};
		};
/* End XCRemoteSwiftPackageReference section */

/* Begin XCSwiftPackageProductDependency section */
		24808FDE275AF61F00FF131C /* Files */ = {
			isa = XCSwiftPackageProductDependency;
			package = 24808FDD275AF61F00FF131C /* XCRemoteSwiftPackageReference "Files" */;
			productName = Files;
		};
/* End XCSwiftPackageProductDependency section */

/* Begin XCVersionGroup section */
		241012642713757900FE7DEC /* PittsburghCityBridges.xcdatamodeld */ = {
			isa = XCVersionGroup;
			children = (
				241012652713757900FE7DEC /* PittsburghCityBridges.xcdatamodel */,
			);
			currentVersion = 241012652713757900FE7DEC /* PittsburghCityBridges.xcdatamodel */;
			path = PittsburghCityBridges.xcdatamodeld;
			sourceTree = "<group>";
			versionGroupType = wrapper.xcdatamodel;
		};
/* End XCVersionGroup section */
	};
	rootObject = 248FC577270276EA00BE168F /* Project object */;
}
